
Microsoft Visual Studio Solution File, Format Version 12.00
# Visual Studio Version 16
VisualStudioVersion = 16.0.30225.117
MinimumVisualStudioVersion = 10.0.40219.1
Project("{FAE04EC0-301F-11D3-BF4B-00C04F79EFBC}") = "StaticMethod", "StaticMethod.csproj", "{7A4A2B65-1965-432B-84F1-A81971795E21}"
EndProject
Global
	GlobalSection(SolutionConfigurationPlatforms) = preSolution
		Debug|Any CPU = Debug|Any CPU
		Release|Any CPU = Release|Any CPU
	EndGlobalSection
	GlobalSection(ProjectConfigurationPlatforms) = postSolution
		{7A4A2B65-1965-432B-84F1-A81971795E21}.Debug|Any CPU.ActiveCfg = Debug|Any CPU
		{7A4A2B65-1965-432B-84F1-A81971795E21}.Debug|Any CPU.Build.0 = Debug|Any CPU
		{7A4A2B65-1965-432B-84F1-A81971795E21}.Release|Any CPU.ActiveCfg = Release|Any CPU
		{7A4A2B65-1965-432B-84F1-A81971795E21}.Release|Any CPU.Build.0 = Release|Any CPU
	EndGlobalSection
	GlobalSection(SolutionProperties) = preSolution
		HideSolutionNode = FALSE
	EndGlobalSection
	GlobalSection(ExtensibilityGlobals) = postSolution
		SolutionGuid = {4C067928-B3F6-4FC2-96F5-D3FC68FDA4EE}
	EndGlobalSection
EndGlobal
