
Microsoft Visual Studio Solution File, Format Version 12.00
# Visual Studio Version 16
VisualStudioVersion = 16.0.30128.74
MinimumVisualStudioVersion = 10.0.40219.1
Project("{FAE04EC0-301F-11D3-BF4B-00C04F79EFBC}") = "FileInputOutput", "FileInputOutput.csproj", "{15978F2A-2ADF-4876-B933-6C445F9C1C91}"
EndProject
Global
	GlobalSection(SolutionConfigurationPlatforms) = preSolution
		Debug|Any CPU = Debug|Any CPU
		Release|Any CPU = Release|Any CPU
	EndGlobalSection
	GlobalSection(ProjectConfigurationPlatforms) = postSolution
		{15978F2A-2ADF-4876-B933-6C445F9C1C91}.Debug|Any CPU.ActiveCfg = Debug|Any CPU
		{15978F2A-2ADF-4876-B933-6C445F9C1C91}.Debug|Any CPU.Build.0 = Debug|Any CPU
		{15978F2A-2ADF-4876-B933-6C445F9C1C91}.Release|Any CPU.ActiveCfg = Release|Any CPU
		{15978F2A-2ADF-4876-B933-6C445F9C1C91}.Release|Any CPU.Build.0 = Release|Any CPU
	EndGlobalSection
	GlobalSection(SolutionProperties) = preSolution
		HideSolutionNode = FALSE
	EndGlobalSection
	GlobalSection(ExtensibilityGlobals) = postSolution
		SolutionGuid = {04BAC656-D81B-45B7-9381-2553AB5946FD}
	EndGlobalSection
EndGlobal
