
Microsoft Visual Studio Solution File, Format Version 12.00
# Visual Studio Version 16
VisualStudioVersion = 16.0.30128.74
MinimumVisualStudioVersion = 10.0.40219.1
Project("{FAE04EC0-301F-11D3-BF4B-00C04F79EFBC}") = "string", "string.csproj", "{C608B10A-FF00-42B7-B6A7-CD63D548829C}"
EndProject
Global
	GlobalSection(SolutionConfigurationPlatforms) = preSolution
		Debug|Any CPU = Debug|Any CPU
		Release|Any CPU = Release|Any CPU
	EndGlobalSection
	GlobalSection(ProjectConfigurationPlatforms) = postSolution
		{C608B10A-FF00-42B7-B6A7-CD63D548829C}.Debug|Any CPU.ActiveCfg = Debug|Any CPU
		{C608B10A-FF00-42B7-B6A7-CD63D548829C}.Debug|Any CPU.Build.0 = Debug|Any CPU
		{C608B10A-FF00-42B7-B6A7-CD63D548829C}.Release|Any CPU.ActiveCfg = Release|Any CPU
		{C608B10A-FF00-42B7-B6A7-CD63D548829C}.Release|Any CPU.Build.0 = Release|Any CPU
	EndGlobalSection
	GlobalSection(SolutionProperties) = preSolution
		HideSolutionNode = FALSE
	EndGlobalSection
	GlobalSection(ExtensibilityGlobals) = postSolution
		SolutionGuid = {BDCB5B42-8118-4180-8E93-5B41E2BDE8D3}
	EndGlobalSection
EndGlobal
