
Microsoft Visual Studio Solution File, Format Version 12.00
# Visual Studio Version 16
VisualStudioVersion = 16.0.30225.117
MinimumVisualStudioVersion = 10.0.40219.1
Project("{FAE04EC0-301F-11D3-BF4B-00C04F79EFBC}") = "CopyDirectory01", "CopyDirectory01\CopyDirectory01.csproj", "{01536A18-2019-4EC8-BFD2-93C0D6ADBDA5}"
EndProject
Global
	GlobalSection(SolutionConfigurationPlatforms) = preSolution
		Debug|Any CPU = Debug|Any CPU
		Release|Any CPU = Release|Any CPU
	EndGlobalSection
	GlobalSection(ProjectConfigurationPlatforms) = postSolution
		{01536A18-2019-4EC8-BFD2-93C0D6ADBDA5}.Debug|Any CPU.ActiveCfg = Debug|Any CPU
		{01536A18-2019-4EC8-BFD2-93C0D6ADBDA5}.Debug|Any CPU.Build.0 = Debug|Any CPU
		{01536A18-2019-4EC8-BFD2-93C0D6ADBDA5}.Release|Any CPU.ActiveCfg = Release|Any CPU
		{01536A18-2019-4EC8-BFD2-93C0D6ADBDA5}.Release|Any CPU.Build.0 = Release|Any CPU
	EndGlobalSection
	GlobalSection(SolutionProperties) = preSolution
		HideSolutionNode = FALSE
	EndGlobalSection
	GlobalSection(ExtensibilityGlobals) = postSolution
		SolutionGuid = {C22C7148-524E-44AE-9F05-6FA64D54068F}
	EndGlobalSection
EndGlobal
