
Microsoft Visual Studio Solution File, Format Version 12.00
# Visual Studio Version 16
VisualStudioVersion = 16.0.30128.74
MinimumVisualStudioVersion = 10.0.40219.1
Project("{FAE04EC0-301F-11D3-BF4B-00C04F79EFBC}") = "TryCatchFinally", "TryCatchFinally.csproj", "{62676268-D5D3-43E0-9CEE-F557C8AAF649}"
EndProject
Global
	GlobalSection(SolutionConfigurationPlatforms) = preSolution
		Debug|Any CPU = Debug|Any CPU
		Release|Any CPU = Release|Any CPU
	EndGlobalSection
	GlobalSection(ProjectConfigurationPlatforms) = postSolution
		{62676268-D5D3-43E0-9CEE-F557C8AAF649}.Debug|Any CPU.ActiveCfg = Debug|Any CPU
		{62676268-D5D3-43E0-9CEE-F557C8AAF649}.Debug|Any CPU.Build.0 = Debug|Any CPU
		{62676268-D5D3-43E0-9CEE-F557C8AAF649}.Release|Any CPU.ActiveCfg = Release|Any CPU
		{62676268-D5D3-43E0-9CEE-F557C8AAF649}.Release|Any CPU.Build.0 = Release|Any CPU
	EndGlobalSection
	GlobalSection(SolutionProperties) = preSolution
		HideSolutionNode = FALSE
	EndGlobalSection
	GlobalSection(ExtensibilityGlobals) = postSolution
		SolutionGuid = {EDBBAF67-6511-48DA-B0CE-D07AD1D084EF}
	EndGlobalSection
EndGlobal
