
Microsoft Visual Studio Solution File, Format Version 12.00
# Visual Studio Version 16
VisualStudioVersion = 16.0.30128.74
MinimumVisualStudioVersion = 10.0.40219.1
Project("{FAE04EC0-301F-11D3-BF4B-00C04F79EFBC}") = "recursiveFunction1", "recursiveFunction1.csproj", "{2C5FED14-F702-428F-A227-CD4EF735A176}"
EndProject
Global
	GlobalSection(SolutionConfigurationPlatforms) = preSolution
		Debug|Any CPU = Debug|Any CPU
		Release|Any CPU = Release|Any CPU
	EndGlobalSection
	GlobalSection(ProjectConfigurationPlatforms) = postSolution
		{2C5FED14-F702-428F-A227-CD4EF735A176}.Debug|Any CPU.ActiveCfg = Debug|Any CPU
		{2C5FED14-F702-428F-A227-CD4EF735A176}.Debug|Any CPU.Build.0 = Debug|Any CPU
		{2C5FED14-F702-428F-A227-CD4EF735A176}.Release|Any CPU.ActiveCfg = Release|Any CPU
		{2C5FED14-F702-428F-A227-CD4EF735A176}.Release|Any CPU.Build.0 = Release|Any CPU
	EndGlobalSection
	GlobalSection(SolutionProperties) = preSolution
		HideSolutionNode = FALSE
	EndGlobalSection
	GlobalSection(ExtensibilityGlobals) = postSolution
		SolutionGuid = {5BB22146-6946-4CC0-8002-4B0697EEF39F}
	EndGlobalSection
EndGlobal
