
Microsoft Visual Studio Solution File, Format Version 12.00
# Visual Studio Version 16
VisualStudioVersion = 16.0.30128.74
MinimumVisualStudioVersion = 10.0.40219.1
Project("{FAE04EC0-301F-11D3-BF4B-00C04F79EFBC}") = "RandomShuffling123", "RandomShuffling123.csproj", "{9916D0CB-F7FC-4AAC-BF7E-DF61CD957E63}"
EndProject
Global
	GlobalSection(SolutionConfigurationPlatforms) = preSolution
		Debug|Any CPU = Debug|Any CPU
		Release|Any CPU = Release|Any CPU
	EndGlobalSection
	GlobalSection(ProjectConfigurationPlatforms) = postSolution
		{9916D0CB-F7FC-4AAC-BF7E-DF61CD957E63}.Debug|Any CPU.ActiveCfg = Debug|Any CPU
		{9916D0CB-F7FC-4AAC-BF7E-DF61CD957E63}.Debug|Any CPU.Build.0 = Debug|Any CPU
		{9916D0CB-F7FC-4AAC-BF7E-DF61CD957E63}.Release|Any CPU.ActiveCfg = Release|Any CPU
		{9916D0CB-F7FC-4AAC-BF7E-DF61CD957E63}.Release|Any CPU.Build.0 = Release|Any CPU
	EndGlobalSection
	GlobalSection(SolutionProperties) = preSolution
		HideSolutionNode = FALSE
	EndGlobalSection
	GlobalSection(ExtensibilityGlobals) = postSolution
		SolutionGuid = {B27A7D8E-38ED-48C0-A20C-DDD2FB5B477B}
	EndGlobalSection
EndGlobal
