
Microsoft Visual Studio Solution File, Format Version 12.00
# Visual Studio Version 16
VisualStudioVersion = 16.0.30128.74
MinimumVisualStudioVersion = 10.0.40219.1
Project("{FAE04EC0-301F-11D3-BF4B-00C04F79EFBC}") = "oopclass", "oopclass.csproj", "{E8557BC6-09EB-43AE-B389-517DF55ABC2C}"
EndProject
Global
	GlobalSection(SolutionConfigurationPlatforms) = preSolution
		Debug|Any CPU = Debug|Any CPU
		Release|Any CPU = Release|Any CPU
	EndGlobalSection
	GlobalSection(ProjectConfigurationPlatforms) = postSolution
		{E8557BC6-09EB-43AE-B389-517DF55ABC2C}.Debug|Any CPU.ActiveCfg = Debug|Any CPU
		{E8557BC6-09EB-43AE-B389-517DF55ABC2C}.Debug|Any CPU.Build.0 = Debug|Any CPU
		{E8557BC6-09EB-43AE-B389-517DF55ABC2C}.Release|Any CPU.ActiveCfg = Release|Any CPU
		{E8557BC6-09EB-43AE-B389-517DF55ABC2C}.Release|Any CPU.Build.0 = Release|Any CPU
	EndGlobalSection
	GlobalSection(SolutionProperties) = preSolution
		HideSolutionNode = FALSE
	EndGlobalSection
	GlobalSection(ExtensibilityGlobals) = postSolution
		SolutionGuid = {AF98525D-FA93-4CB3-A239-C1EAC1EFE8DD}
	EndGlobalSection
EndGlobal
