
Microsoft Visual Studio Solution File, Format Version 12.00
# Visual Studio Version 16
VisualStudioVersion = 16.0.30128.74
MinimumVisualStudioVersion = 10.0.40219.1
Project("{FAE04EC0-301F-11D3-BF4B-00C04F79EFBC}") = "ParseTextMessage", "ParseTextMessage.csproj", "{BCCB2916-5C73-4C5F-9282-E2BD50885F15}"
EndProject
Global
	GlobalSection(SolutionConfigurationPlatforms) = preSolution
		Debug|Any CPU = Debug|Any CPU
		Release|Any CPU = Release|Any CPU
	EndGlobalSection
	GlobalSection(ProjectConfigurationPlatforms) = postSolution
		{BCCB2916-5C73-4C5F-9282-E2BD50885F15}.Debug|Any CPU.ActiveCfg = Debug|Any CPU
		{BCCB2916-5C73-4C5F-9282-E2BD50885F15}.Debug|Any CPU.Build.0 = Debug|Any CPU
		{BCCB2916-5C73-4C5F-9282-E2BD50885F15}.Release|Any CPU.ActiveCfg = Release|Any CPU
		{BCCB2916-5C73-4C5F-9282-E2BD50885F15}.Release|Any CPU.Build.0 = Release|Any CPU
	EndGlobalSection
	GlobalSection(SolutionProperties) = preSolution
		HideSolutionNode = FALSE
	EndGlobalSection
	GlobalSection(ExtensibilityGlobals) = postSolution
		SolutionGuid = {42F65A78-4FF0-46FA-A25F-EE99E5BF2903}
	EndGlobalSection
EndGlobal
