
Microsoft Visual Studio Solution File, Format Version 12.00
# Visual Studio Version 16
VisualStudioVersion = 16.0.30128.74
MinimumVisualStudioVersion = 10.0.40219.1
Project("{FAE04EC0-301F-11D3-BF4B-00C04F79EFBC}") = "오버로딩", "오버로딩.csproj", "{AF4B4A07-60D8-481E-949E-B1F1DF3FAF4E}"
EndProject
Global
	GlobalSection(SolutionConfigurationPlatforms) = preSolution
		Debug|Any CPU = Debug|Any CPU
		Release|Any CPU = Release|Any CPU
	EndGlobalSection
	GlobalSection(ProjectConfigurationPlatforms) = postSolution
		{AF4B4A07-60D8-481E-949E-B1F1DF3FAF4E}.Debug|Any CPU.ActiveCfg = Debug|Any CPU
		{AF4B4A07-60D8-481E-949E-B1F1DF3FAF4E}.Debug|Any CPU.Build.0 = Debug|Any CPU
		{AF4B4A07-60D8-481E-949E-B1F1DF3FAF4E}.Release|Any CPU.ActiveCfg = Release|Any CPU
		{AF4B4A07-60D8-481E-949E-B1F1DF3FAF4E}.Release|Any CPU.Build.0 = Release|Any CPU
	EndGlobalSection
	GlobalSection(SolutionProperties) = preSolution
		HideSolutionNode = FALSE
	EndGlobalSection
	GlobalSection(ExtensibilityGlobals) = postSolution
		SolutionGuid = {66DA1BC1-9158-422F-BD7F-96D6240A8C4B}
	EndGlobalSection
EndGlobal
