
Microsoft Visual Studio Solution File, Format Version 12.00
# Visual Studio Version 16
VisualStudioVersion = 16.0.30128.74
MinimumVisualStudioVersion = 10.0.40219.1
Project("{FAE04EC0-301F-11D3-BF4B-00C04F79EFBC}") = "함수 오버로딩", "함수 오버로딩.csproj", "{468653F7-D631-49A6-9509-0A5B109B70EC}"
EndProject
Global
	GlobalSection(SolutionConfigurationPlatforms) = preSolution
		Debug|Any CPU = Debug|Any CPU
		Release|Any CPU = Release|Any CPU
	EndGlobalSection
	GlobalSection(ProjectConfigurationPlatforms) = postSolution
		{468653F7-D631-49A6-9509-0A5B109B70EC}.Debug|Any CPU.ActiveCfg = Debug|Any CPU
		{468653F7-D631-49A6-9509-0A5B109B70EC}.Debug|Any CPU.Build.0 = Debug|Any CPU
		{468653F7-D631-49A6-9509-0A5B109B70EC}.Release|Any CPU.ActiveCfg = Release|Any CPU
		{468653F7-D631-49A6-9509-0A5B109B70EC}.Release|Any CPU.Build.0 = Release|Any CPU
	EndGlobalSection
	GlobalSection(SolutionProperties) = preSolution
		HideSolutionNode = FALSE
	EndGlobalSection
	GlobalSection(ExtensibilityGlobals) = postSolution
		SolutionGuid = {280026FF-0E7A-4246-9233-4E94B406A0C4}
	EndGlobalSection
EndGlobal
