
Microsoft Visual Studio Solution File, Format Version 12.00
# Visual Studio Version 16
VisualStudioVersion = 16.0.30128.74
MinimumVisualStudioVersion = 10.0.40219.1
Project("{FAE04EC0-301F-11D3-BF4B-00C04F79EFBC}") = "CopyDirectory123", "CopyDirectory123.csproj", "{63FFBBD5-08CA-4281-99B9-C80100055F0A}"
EndProject
Global
	GlobalSection(SolutionConfigurationPlatforms) = preSolution
		Debug|Any CPU = Debug|Any CPU
		Release|Any CPU = Release|Any CPU
	EndGlobalSection
	GlobalSection(ProjectConfigurationPlatforms) = postSolution
		{63FFBBD5-08CA-4281-99B9-C80100055F0A}.Debug|Any CPU.ActiveCfg = Debug|Any CPU
		{63FFBBD5-08CA-4281-99B9-C80100055F0A}.Debug|Any CPU.Build.0 = Debug|Any CPU
		{63FFBBD5-08CA-4281-99B9-C80100055F0A}.Release|Any CPU.ActiveCfg = Release|Any CPU
		{63FFBBD5-08CA-4281-99B9-C80100055F0A}.Release|Any CPU.Build.0 = Release|Any CPU
	EndGlobalSection
	GlobalSection(SolutionProperties) = preSolution
		HideSolutionNode = FALSE
	EndGlobalSection
	GlobalSection(ExtensibilityGlobals) = postSolution
		SolutionGuid = {7C2D2088-28F4-4F3D-B1FE-6AC50EB3CAB2}
	EndGlobalSection
EndGlobal
