
Microsoft Visual Studio Solution File, Format Version 12.00
# Visual Studio Version 16
VisualStudioVersion = 16.0.30225.117
MinimumVisualStudioVersion = 10.0.40219.1
Project("{FAE04EC0-301F-11D3-BF4B-00C04F79EFBC}") = "class", "class.csproj", "{967485F4-1750-43B3-8579-28D4BD148261}"
EndProject
Global
	GlobalSection(SolutionConfigurationPlatforms) = preSolution
		Debug|Any CPU = Debug|Any CPU
		Release|Any CPU = Release|Any CPU
	EndGlobalSection
	GlobalSection(ProjectConfigurationPlatforms) = postSolution
		{967485F4-1750-43B3-8579-28D4BD148261}.Debug|Any CPU.ActiveCfg = Debug|Any CPU
		{967485F4-1750-43B3-8579-28D4BD148261}.Debug|Any CPU.Build.0 = Debug|Any CPU
		{967485F4-1750-43B3-8579-28D4BD148261}.Release|Any CPU.ActiveCfg = Release|Any CPU
		{967485F4-1750-43B3-8579-28D4BD148261}.Release|Any CPU.Build.0 = Release|Any CPU
	EndGlobalSection
	GlobalSection(SolutionProperties) = preSolution
		HideSolutionNode = FALSE
	EndGlobalSection
	GlobalSection(ExtensibilityGlobals) = postSolution
		SolutionGuid = {24D2B78B-6CAD-4785-8F12-33DF9E20CB48}
	EndGlobalSection
EndGlobal
