
Microsoft Visual Studio Solution File, Format Version 12.00
# Visual Studio Version 16
VisualStudioVersion = 16.0.30128.74
MinimumVisualStudioVersion = 10.0.40219.1
Project("{FAE04EC0-301F-11D3-BF4B-00C04F79EFBC}") = "multidimensionalComponents", "multidimensionalComponents.csproj", "{952C1194-6BAA-4A2F-A0D2-54EABCD20E23}"
EndProject
Global
	GlobalSection(SolutionConfigurationPlatforms) = preSolution
		Debug|Any CPU = Debug|Any CPU
		Release|Any CPU = Release|Any CPU
	EndGlobalSection
	GlobalSection(ProjectConfigurationPlatforms) = postSolution
		{952C1194-6BAA-4A2F-A0D2-54EABCD20E23}.Debug|Any CPU.ActiveCfg = Debug|Any CPU
		{952C1194-6BAA-4A2F-A0D2-54EABCD20E23}.Debug|Any CPU.Build.0 = Debug|Any CPU
		{952C1194-6BAA-4A2F-A0D2-54EABCD20E23}.Release|Any CPU.ActiveCfg = Release|Any CPU
		{952C1194-6BAA-4A2F-A0D2-54EABCD20E23}.Release|Any CPU.Build.0 = Release|Any CPU
	EndGlobalSection
	GlobalSection(SolutionProperties) = preSolution
		HideSolutionNode = FALSE
	EndGlobalSection
	GlobalSection(ExtensibilityGlobals) = postSolution
		SolutionGuid = {5C968CBF-38D9-4E90-8F3A-C7708D8C8BCF}
	EndGlobalSection
EndGlobal
